<?xml version="1.0" encoding="utf-8"?>
<Project ToolsVersion="4.0" xmlns="http://schemas.microsoft.com/developer/msbuild/2003">
  <ItemGroup>
    <Filter Include="소스 파일">
      <UniqueIdentifier>{4FC737F1-C7A5-4376-A066-2A32D752A2FF}</UniqueIdentifier>
      <Extensions>cpp;c;cc;cxx;c++;cppm;ixx;def;odl;idl;hpj;bat;asm;asmx</Extensions>
    </Filter>
    <Filter Include="리소스 파일">
      <UniqueIdentifier>{67DA6AB6-F800-4c08-8B7A-83BB121AAD01}</UniqueIdentifier>
      <Extensions>rc;ico;cur;bmp;dlg;rc2;rct;bin;rgs;gif;jpg;jpeg;jpe;resx;tiff;tif;png;wav;mfcribbon-ms</Extensions>
    </Filter>
    <Filter Include="소스 파일\Core">
      <UniqueIdentifier>{98e15b0b-5c8a-493f-a5ed-09952c3cea52}</UniqueIdentifier>
    </Filter>
    <Filter Include="소스 파일\Utils">
      <UniqueIdentifier>{02e7afb4-9e2e-422d-b477-a6311bb3aa13}</UniqueIdentifier>
    </Filter>
    <Filter Include="소스 파일\Tool">
      <UniqueIdentifier>{27403b66-897a-4b99-a00a-7129a05eac86}</UniqueIdentifier>
    </Filter>
    <Filter Include="소스 파일\Object">
      <UniqueIdentifier>{27d59401-0e8c-47ef-81c4-73968273151e}</UniqueIdentifier>
    </Filter>
    <Filter Include="소스 파일\DataStructure">
      <UniqueIdentifier>{735bbf44-5f43-4a66-84b1-2e88ef182423}</UniqueIdentifier>
    </Filter>
  </ItemGroup>
  <ItemGroup>
    <ClInclude Include="Core.h">
      <Filter>소스 파일\Core</Filter>
    </ClInclude>
    <ClInclude Include="framework.h">
      <Filter>소스 파일\Utils</Filter>
    </ClInclude>
    <ClInclude Include="pch.h">
      <Filter>소스 파일\Utils</Filter>
    </ClInclude>
    <ClInclude Include="Resource.h">
      <Filter>소스 파일\Utils</Filter>
    </ClInclude>
    <ClInclude Include="targetver.h">
      <Filter>소스 파일\Utils</Filter>
    </ClInclude>
    <ClInclude Include="TestWinProj.h">
      <Filter>소스 파일\Utils</Filter>
    </ClInclude>
    <ClInclude Include="Window.h">
      <Filter>소스 파일\Core</Filter>
    </ClInclude>
    <ClInclude Include="Timer.h">
      <Filter>소스 파일\Tool</Filter>
    </ClInclude>
    <ClInclude Include="Object.h">
      <Filter>소스 파일\Object</Filter>
    </ClInclude>
    <ClInclude Include="Inputer.h">
      <Filter>소스 파일\Tool</Filter>
    </ClInclude>
    <ClInclude Include="Node.h">
      <Filter>소스 파일\Object</Filter>
    </ClInclude>
    <ClInclude Include="BST.h">
      <Filter>소스 파일\DataStructure</Filter>
    </ClInclude>
    <ClInclude Include="BSTRender.h">
      <Filter>소스 파일\Tool</Filter>
    </ClInclude>
  </ItemGroup>
  <ItemGroup>
    <ClCompile Include="Core.cpp">
      <Filter>소스 파일\Core</Filter>
    </ClCompile>
    <ClCompile Include="pch.cpp">
      <Filter>소스 파일\Utils</Filter>
    </ClCompile>
    <ClCompile Include="TestWinProj.cpp">
      <Filter>소스 파일\Utils</Filter>
    </ClCompile>
    <ClCompile Include="Window.cpp">
      <Filter>소스 파일\Core</Filter>
    </ClCompile>
    <ClCompile Include="Timer.cpp">
      <Filter>소스 파일\Tool</Filter>
    </ClCompile>
    <ClCompile Include="Object.cpp">
      <Filter>소스 파일\Object</Filter>
    </ClCompile>
    <ClCompile Include="Inputer.cpp">
      <Filter>소스 파일\Tool</Filter>
    </ClCompile>
    <ClCompile Include="Node.cpp">
      <Filter>소스 파일\Object</Filter>
    </ClCompile>
    <ClCompile Include="BSTRender.cpp">
      <Filter>소스 파일\Tool</Filter>
    </ClCompile>
  </ItemGroup>
  <ItemGroup>
    <ResourceCompile Include="TestWinProj.rc">
      <Filter>리소스 파일</Filter>
    </ResourceCompile>
  </ItemGroup>
  <ItemGroup>
    <Image Include="small.ico">
      <Filter>리소스 파일</Filter>
    </Image>
    <Image Include="TestWinProj.ico">
      <Filter>리소스 파일</Filter>
    </Image>
  </ItemGroup>
</Project>